<?xml version="1.0" encoding="utf-8"?>
<Project ToolsVersion="4.0" xmlns="http://schemas.microsoft.com/developer/msbuild/2003">
  <ItemGroup>
    <Filter Include="Source Files">
      <UniqueIdentifier>{4FC737F1-C7A5-4376-A066-2A32D752A2FF}</UniqueIdentifier>
      <Extensions>cpp;c;cc;cxx;c++;cppm;ixx;def;odl;idl;hpj;bat;asm;asmx</Extensions>
    </Filter>
    <Filter Include="Header Files">
      <UniqueIdentifier>{93995380-89BD-4b04-88EB-625FBE52EBFB}</UniqueIdentifier>
      <Extensions>h;hh;hpp;hxx;h++;hm;inl;inc;ipp;xsd</Extensions>
    </Filter>
    <Filter Include="Resource Files">
      <UniqueIdentifier>{67DA6AB6-F800-4c08-8B7A-83BB121AAD01}</UniqueIdentifier>
      <Extensions>rc;ico;cur;bmp;dlg;rc2;rct;bin;rgs;gif;jpg;jpeg;jpe;resx;tiff;tif;png;wav;mfcribbon-ms</Extensions>
    </Filter>
    <Filter Include="Source Files\old">
      <UniqueIdentifier>{94f84e1a-70d5-4bc5-a985-19139b139c82}</UniqueIdentifier>
    </Filter>
    <Filter Include="Header Files\old">
      <UniqueIdentifier>{521ba635-caf6-4f22-82f6-2155dc8f3a88}</UniqueIdentifier>
    </Filter>
  </ItemGroup>
  <ItemGroup>
    <ClInclude Include="StudentDB.h">
      <Filter>Header Files\old</Filter>
    </ClInclude>
    <ClInclude Include="Computer.h">
      <Filter>Header Files\old</Filter>
    </ClInclude>
    <ClInclude Include="ComputerStore.h">
      <Filter>Header Files\old</Filter>
    </ClInclude>
    <ClInclude Include="FilteredStudentDB.h">
      <Filter>Header Files\old</Filter>
    </ClInclude>
    <ClInclude Include="MulString.h">
      <Filter>Header Files\old</Filter>
    </ClInclude>
    <ClInclude Include="SortedStudentDB.h">
      <Filter>Header Files\old</Filter>
    </ClInclude>
    <ClInclude Include="SpecialCustomFunction.h">
      <Filter>Header Files\old</Filter>
    </ClInclude>
    <ClInclude Include="Student.h">
      <Filter>Header Files\old</Filter>
    </ClInclude>
    <ClInclude Include="Memory.h">
      <Filter>Header Files\old</Filter>
    </ClInclude>
    <ClInclude Include="Component.h">
      <Filter>Header Files\old</Filter>
    </ClInclude>
    <ClInclude Include="Configuration.h">
      <Filter>Header Files\old</Filter>
    </ClInclude>
    <ClInclude Include="CPU.h">
      <Filter>Header Files\old</Filter>
    </ClInclude>
    <ClInclude Include="Control.h">
      <Filter>Header Files</Filter>
    </ClInclude>
    <ClInclude Include="Location.h">
      <Filter>Header Files</Filter>
    </ClInclude>
    <ClInclude Include="TextBox.h">
      <Filter>Header Files</Filter>
    </ClInclude>
    <ClInclude Include="CheckBox.h">
      <Filter>Header Files</Filter>
    </ClInclude>
    <ClInclude Include="RadioButton.h">
      <Filter>Header Files</Filter>
    </ClInclude>
    <ClInclude Include="Form.h">
      <Filter>Header Files</Filter>
    </ClInclude>
  </ItemGroup>
  <ItemGroup>
    <ClCompile Include="StudentDB.cpp">
      <Filter>Source Files\old</Filter>
    </ClCompile>
    <ClCompile Include="Computer.cpp">
      <Filter>Source Files\old</Filter>
    </ClCompile>
    <ClCompile Include="ComputerStore.cpp">
      <Filter>Source Files\old</Filter>
    </ClCompile>
    <ClCompile Include="FilteredStudentDB.cpp">
      <Filter>Source Files\old</Filter>
    </ClCompile>
    <ClCompile Include="MulString.cpp">
      <Filter>Source Files\old</Filter>
    </ClCompile>
    <ClCompile Include="SortedStudentDB.cpp">
      <Filter>Source Files\old</Filter>
    </ClCompile>
    <ClCompile Include="SpecialCustomFunction.cpp">
      <Filter>Source Files\old</Filter>
    </ClCompile>
    <ClCompile Include="Student.cpp">
      <Filter>Source Files\old</Filter>
    </ClCompile>
    <ClCompile Include="Component.cpp">
      <Filter>Source Files\old</Filter>
    </ClCompile>
    <ClCompile Include="Configuration.cpp">
      <Filter>Source Files\old</Filter>
    </ClCompile>
    <ClCompile Include="CPU.cpp">
      <Filter>Source Files\old</Filter>
    </ClCompile>
    <ClCompile Include="Memory.cpp">
      <Filter>Source Files\old</Filter>
    </ClCompile>
    <ClCompile Include="Control.cpp">
      <Filter>Source Files</Filter>
    </ClCompile>
    <ClCompile Include="Location.cpp">
      <Filter>Source Files</Filter>
    </ClCompile>
    <ClCompile Include="TextBox.cpp">
      <Filter>Source Files</Filter>
    </ClCompile>
    <ClCompile Include="CheckBox.cpp">
      <Filter>Source Files</Filter>
    </ClCompile>
    <ClCompile Include="RadioButton.cpp">
      <Filter>Source Files</Filter>
    </ClCompile>
    <ClCompile Include="Form.cpp">
      <Filter>Source Files</Filter>
    </ClCompile>
  </ItemGroup>
</Project>